
Microsoft Visual Studio Solution File, Format Version 11.00
# Visual Studio 2010
Project("{FAE04EC0-301F-11D3-BF4B-00C04F79EFBC}") = "BetterMotionDetector", "BetterMotionDetector\BetterMotionDetector.csproj", "{73D91F5E-DBA3-4E62-B809-CFD446F1E143}"
EndProject
Global
	GlobalSection(SolutionConfigurationPlatforms) = preSolution
		Debug|Any CPU = Debug|Any CPU
		Release|Any CPU = Release|Any CPU
	EndGlobalSection
	GlobalSection(ProjectConfigurationPlatforms) = postSolution
		{73D91F5E-DBA3-4E62-B809-CFD446F1E143}.Debug|Any CPU.ActiveCfg = Debug|Any CPU
		{73D91F5E-DBA3-4E62-B809-CFD446F1E143}.Debug|Any CPU.Build.0 = Debug|Any CPU
		{73D91F5E-DBA3-4E62-B809-CFD446F1E143}.Release|Any CPU.ActiveCfg = Release|Any CPU
		{73D91F5E-DBA3-4E62-B809-CFD446F1E143}.Release|Any CPU.Build.0 = Release|Any CPU
	EndGlobalSection
	GlobalSection(SolutionProperties) = preSolution
		HideSolutionNode = FALSE
	EndGlobalSection
EndGlobal
